// !$*UTF8*$!
{
	archiveVersion = 1;
	classes = {
	};
	objectVersion = 46;
	objects = {

/* Begin PBXBuildFile section */
		79D80A811AD817600016D0BB /* libdc1394.22.dylib in CopyFiles */ = {isa = PBXBuildFile; fileRef = 79E62F871ABC9B2C00019A4E /* libdc1394.22.dylib */; settings = {ATTRIBUTES = (CodeSignOnCopy, ); }; };
		79D80A821AD817600016D0BB /* libusb-1.0.0.dylib in CopyFiles */ = {isa = PBXBuildFile; fileRef = 79E62F881ABC9B2C00019A4E /* libusb-1.0.0.dylib */; settings = {ATTRIBUTES = (CodeSignOnCopy, ); }; };
		79E62F221ABB211A00019A4E /* AppDelegate.m in Sources */ = {isa = PBXBuildFile; fileRef = 79E62F211ABB211A00019A4E /* AppDelegate.m */; };
		79E62F241ABB211A00019A4E /* main.m in Sources */ = {isa = PBXBuildFile; fileRef = 79E62F231ABB211A00019A4E /* main.m */; };
		79E62F261ABB211A00019A4E /* Images.xcassets in Resources */ = {isa = PBXBuildFile; fileRef = 79E62F251ABB211A00019A4E /* Images.xcassets */; };
		79E62F291ABB211A00019A4E /* MainMenu.xib in Resources */ = {isa = PBXBuildFile; fileRef = 79E62F271ABB211A00019A4E /* MainMenu.xib */; };
		79E62F4C1ABB21CA00019A4E /* GPUImageIIDCCameraWindowController.m in Sources */ = {isa = PBXBuildFile; fileRef = 79E62F4A1ABB21CA00019A4E /* GPUImageIIDCCameraWindowController.m */; };
		79E62F4D1ABB21CA00019A4E /* GPUImageIIDCCameraWindowController.xib in Resources */ = {isa = PBXBuildFile; fileRef = 79E62F4B1ABB21CA00019A4E /* GPUImageIIDCCameraWindowController.xib */; };
		79E62F501ABB21DF00019A4E /* GPUImageIIDCCamera.m in Sources */ = {isa = PBXBuildFile; fileRef = 79E62F4F1ABB21DF00019A4E /* GPUImageIIDCCamera.m */; };
		79E62F891ABC9B2C00019A4E /* libdc1394.22.dylib in Frameworks */ = {isa = PBXBuildFile; fileRef = 79E62F871ABC9B2C00019A4E /* libdc1394.22.dylib */; };
		79E62F8A1ABC9B2C00019A4E /* libusb-1.0.0.dylib in Frameworks */ = {isa = PBXBuildFile; fileRef = 79E62F881ABC9B2C00019A4E /* libusb-1.0.0.dylib */; };
		79EF90E51AEE9F1E007F2755 /* GPUImage.framework in Frameworks */ = {isa = PBXBuildFile; fileRef = 79EF90E21AEAD020007F2755 /* GPUImage.framework */; };
		79EF90E81AEE9F3B007F2755 /* GPUImage.framework in CopyFiles */ = {isa = PBXBuildFile; fileRef = 79EF90E21AEAD020007F2755 /* GPUImage.framework */; settings = {ATTRIBUTES = (CodeSignOnCopy, RemoveHeadersOnCopy, ); }; };
		BC9D72C51AF1452E004CF9E5 /* GPUImageBlackflyCamera.m in Sources */ = {isa = PBXBuildFile; fileRef = BC9D72C41AF1452E004CF9E5 /* GPUImageBlackflyCamera.m */; };
/* End PBXBuildFile section */

/* Begin PBXContainerItemProxy section */
		79EF90E11AEAD020007F2755 /* PBXContainerItemProxy */ = {
			isa = PBXContainerItemProxy;
			containerPortal = 794F091B1AE95D1200CB3872 /* GPUImageMac.xcodeproj */;
			proxyType = 2;
			remoteGlobalIDString = BCA3F31C17239B6500E28AEC;
			remoteInfo = GPUImage;
		};
		79EF90E61AEE9F29007F2755 /* PBXContainerItemProxy */ = {
			isa = PBXContainerItemProxy;
			containerPortal = 794F091B1AE95D1200CB3872 /* GPUImageMac.xcodeproj */;
			proxyType = 1;
			remoteGlobalIDString = BCA3F31B17239B6500E28AEC;
			remoteInfo = GPUImage;
		};
/* End PBXContainerItemProxy section */

/* Begin PBXCopyFilesBuildPhase section */
		79E62F471ABB219000019A4E /* CopyFiles */ = {
			isa = PBXCopyFilesBuildPhase;
			buildActionMask = 2147483647;
			dstPath = "";
			dstSubfolderSpec = 10;
			files = (
				79EF90E81AEE9F3B007F2755 /* GPUImage.framework in CopyFiles */,
				79D80A811AD817600016D0BB /* libdc1394.22.dylib in CopyFiles */,
				79D80A821AD817600016D0BB /* libusb-1.0.0.dylib in CopyFiles */,
			);
			runOnlyForDeploymentPostprocessing = 0;
		};
/* End PBXCopyFilesBuildPhase section */

/* Begin PBXFileReference section */
		794F091B1AE95D1200CB3872 /* GPUImageMac.xcodeproj */ = {isa = PBXFileReference; lastKnownFileType = "wrapper.pb-project"; name = GPUImageMac.xcodeproj; path = ../../GPUImage/framework/GPUImageMac.xcodeproj; sourceTree = "<group>"; };
		79E62F1B1ABB211A00019A4E /* GPUImageIIDCCameraExample.app */ = {isa = PBXFileReference; explicitFileType = wrapper.application; includeInIndex = 0; path = GPUImageIIDCCameraExample.app; sourceTree = BUILT_PRODUCTS_DIR; };
		79E62F1F1ABB211A00019A4E /* Info.plist */ = {isa = PBXFileReference; lastKnownFileType = text.plist.xml; path = Info.plist; sourceTree = "<group>"; };
		79E62F201ABB211A00019A4E /* AppDelegate.h */ = {isa = PBXFileReference; lastKnownFileType = sourcecode.c.h; path = AppDelegate.h; sourceTree = "<group>"; };
		79E62F211ABB211A00019A4E /* AppDelegate.m */ = {isa = PBXFileReference; lastKnownFileType = sourcecode.c.objc; path = AppDelegate.m; sourceTree = "<group>"; };
		79E62F231ABB211A00019A4E /* main.m */ = {isa = PBXFileReference; lastKnownFileType = sourcecode.c.objc; path = main.m; sourceTree = "<group>"; };
		79E62F251ABB211A00019A4E /* Images.xcassets */ = {isa = PBXFileReference; lastKnownFileType = folder.assetcatalog; path = Images.xcassets; sourceTree = "<group>"; };
		79E62F281ABB211A00019A4E /* Base */ = {isa = PBXFileReference; lastKnownFileType = file.xib; name = Base; path = Base.lproj/MainMenu.xib; sourceTree = "<group>"; };
		79E62F491ABB21CA00019A4E /* GPUImageIIDCCameraWindowController.h */ = {isa = PBXFileReference; fileEncoding = 4; lastKnownFileType = sourcecode.c.h; path = GPUImageIIDCCameraWindowController.h; sourceTree = "<group>"; };
		79E62F4A1ABB21CA00019A4E /* GPUImageIIDCCameraWindowController.m */ = {isa = PBXFileReference; fileEncoding = 4; lastKnownFileType = sourcecode.c.objc; path = GPUImageIIDCCameraWindowController.m; sourceTree = "<group>"; };
		79E62F4B1ABB21CA00019A4E /* GPUImageIIDCCameraWindowController.xib */ = {isa = PBXFileReference; fileEncoding = 4; lastKnownFileType = file.xib; path = GPUImageIIDCCameraWindowController.xib; sourceTree = "<group>"; };
		79E62F4E1ABB21DF00019A4E /* GPUImageIIDCCamera.h */ = {isa = PBXFileReference; fileEncoding = 4; lastKnownFileType = sourcecode.c.h; name = GPUImageIIDCCamera.h; path = GPUImageIIDCCameraExample/GPUImageIIDCCamera.h; sourceTree = "<group>"; };
		79E62F4F1ABB21DF00019A4E /* GPUImageIIDCCamera.m */ = {isa = PBXFileReference; fileEncoding = 4; lastKnownFileType = sourcecode.c.objc; name = GPUImageIIDCCamera.m; path = GPUImageIIDCCameraExample/GPUImageIIDCCamera.m; sourceTree = "<group>"; };
		79E62F871ABC9B2C00019A4E /* libdc1394.22.dylib */ = {isa = PBXFileReference; lastKnownFileType = "compiled.mach-o.dylib"; name = libdc1394.22.dylib; path = Frameworks/libdc1394.22.dylib; sourceTree = "<group>"; };
		79E62F881ABC9B2C00019A4E /* libusb-1.0.0.dylib */ = {isa = PBXFileReference; lastKnownFileType = "compiled.mach-o.dylib"; name = "libusb-1.0.0.dylib"; path = "Frameworks/libusb-1.0.0.dylib"; sourceTree = "<group>"; };
		BC9D72C31AF1452E004CF9E5 /* GPUImageBlackflyCamera.h */ = {isa = PBXFileReference; fileEncoding = 4; lastKnownFileType = sourcecode.c.h; name = GPUImageBlackflyCamera.h; path = GPUImageIIDCCameraExample/GPUImageBlackflyCamera.h; sourceTree = "<group>"; };
		BC9D72C41AF1452E004CF9E5 /* GPUImageBlackflyCamera.m */ = {isa = PBXFileReference; fileEncoding = 4; lastKnownFileType = sourcecode.c.objc; name = GPUImageBlackflyCamera.m; path = GPUImageIIDCCameraExample/GPUImageBlackflyCamera.m; sourceTree = "<group>"; };
/* End PBXFileReference section */

/* Begin PBXFrameworksBuildPhase section */
		79E62F181ABB211A00019A4E /* Frameworks */ = {
			isa = PBXFrameworksBuildPhase;
			buildActionMask = 2147483647;
			files = (
				79EF90E51AEE9F1E007F2755 /* GPUImage.framework in Frameworks */,
				79E62F8A1ABC9B2C00019A4E /* libusb-1.0.0.dylib in Frameworks */,
				79E62F891ABC9B2C00019A4E /* libdc1394.22.dylib in Frameworks */,
			);
			runOnlyForDeploymentPostprocessing = 0;
		};
/* End PBXFrameworksBuildPhase section */

/* Begin PBXGroup section */
		79E62F121ABB211A00019A4E = {
			isa = PBXGroup;
			children = (
				BC9D72C61AF14596004CF9E5 /* Camera classes */,
				79E62F1D1ABB211A00019A4E /* GPUImageIIDCCameraExample */,
				79E62F1C1ABB211A00019A4E /* Products */,
			);
			sourceTree = "<group>";
		};
		79E62F1C1ABB211A00019A4E /* Products */ = {
			isa = PBXGroup;
			children = (
				79E62F1B1ABB211A00019A4E /* GPUImageIIDCCameraExample.app */,
			);
			name = Products;
			sourceTree = "<group>";
		};
		79E62F1D1ABB211A00019A4E /* GPUImageIIDCCameraExample */ = {
			isa = PBXGroup;
			children = (
				79E62F201ABB211A00019A4E /* AppDelegate.h */,
				79E62F211ABB211A00019A4E /* AppDelegate.m */,
				79E62F491ABB21CA00019A4E /* GPUImageIIDCCameraWindowController.h */,
				79E62F4A1ABB21CA00019A4E /* GPUImageIIDCCameraWindowController.m */,
				79E62F4B1ABB21CA00019A4E /* GPUImageIIDCCameraWindowController.xib */,
				79E62F251ABB211A00019A4E /* Images.xcassets */,
				79E62F271ABB211A00019A4E /* MainMenu.xib */,
				79E62F521ABB23B300019A4E /* Frameworks */,
				79E62F1E1ABB211A00019A4E /* Supporting Files */,
			);
			path = GPUImageIIDCCameraExample;
			sourceTree = "<group>";
		};
		79E62F1E1ABB211A00019A4E /* Supporting Files */ = {
			isa = PBXGroup;
			children = (
				79E62F1F1ABB211A00019A4E /* Info.plist */,
				79E62F231ABB211A00019A4E /* main.m */,
			);
			name = "Supporting Files";
			sourceTree = "<group>";
		};
		79E62F521ABB23B300019A4E /* Frameworks */ = {
			isa = PBXGroup;
			children = (
				79E62F871ABC9B2C00019A4E /* libdc1394.22.dylib */,
				79E62F881ABC9B2C00019A4E /* libusb-1.0.0.dylib */,
				794F091B1AE95D1200CB3872 /* GPUImageMac.xcodeproj */,
			);
			name = Frameworks;
			sourceTree = "<group>";
		};
		79EF90DE1AEAD020007F2755 /* Products */ = {
			isa = PBXGroup;
			children = (
				79EF90E21AEAD020007F2755 /* GPUImage.framework */,
			);
			name = Products;
			sourceTree = "<group>";
		};
		BC9D72C61AF14596004CF9E5 /* Camera classes */ = {
			isa = PBXGroup;
			children = (
				79E62F4E1ABB21DF00019A4E /* GPUImageIIDCCamera.h */,
				79E62F4F1ABB21DF00019A4E /* GPUImageIIDCCamera.m */,
				BC9D72C31AF1452E004CF9E5 /* GPUImageBlackflyCamera.h */,
				BC9D72C41AF1452E004CF9E5 /* GPUImageBlackflyCamera.m */,
			);
			name = "Camera classes";
			sourceTree = "<group>";
		};
/* End PBXGroup section */

/* Begin PBXNativeTarget section */
		79E62F1A1ABB211A00019A4E /* GPUImageIIDCCameraExample */ = {
			isa = PBXNativeTarget;
			buildConfigurationList = 79E62F381ABB211A00019A4E /* Build configuration list for PBXNativeTarget "GPUImageIIDCCameraExample" */;
			buildPhases = (
				79E62F171ABB211A00019A4E /* Sources */,
				79E62F181ABB211A00019A4E /* Frameworks */,
				79E62F191ABB211A00019A4E /* Resources */,
				79E62F471ABB219000019A4E /* CopyFiles */,
			);
			buildRules = (
			);
			dependencies = (
				79EF90E71AEE9F29007F2755 /* PBXTargetDependency */,
			);
			name = GPUImageIIDCCameraExample;
			productName = GPUImageIIDCCameraExample;
			productReference = 79E62F1B1ABB211A00019A4E /* GPUImageIIDCCameraExample.app */;
			productType = "com.apple.product-type.application";
		};
/* End PBXNativeTarget section */

/* Begin PBXProject section */
		79E62F131ABB211A00019A4E /* Project object */ = {
			isa = PBXProject;
			attributes = {
				LastUpgradeCheck = 0630;
				ORGANIZATIONNAME = "Red Queen Coder, LLC";
				TargetAttributes = {
					79E62F1A1ABB211A00019A4E = {
						CreatedOnToolsVersion = 6.3;
					};
				};
			};
			buildConfigurationList = 79E62F161ABB211A00019A4E /* Build configuration list for PBXProject "GPUImageIIDCCameraExample" */;
			compatibilityVersion = "Xcode 3.2";
			developmentRegion = English;
			hasScannedForEncodings = 0;
			knownRegions = (
				en,
				Base,
			);
			mainGroup = 79E62F121ABB211A00019A4E;
			productRefGroup = 79E62F1C1ABB211A00019A4E /* Products */;
			projectDirPath = "";
			projectReferences = (
				{
					ProductGroup = 79EF90DE1AEAD020007F2755 /* Products */;
					ProjectRef = 794F091B1AE95D1200CB3872 /* GPUImageMac.xcodeproj */;
				},
			);
			projectRoot = "";
			targets = (
				79E62F1A1ABB211A00019A4E /* GPUImageIIDCCameraExample */,
			);
		};
/* End PBXProject section */

/* Begin PBXReferenceProxy section */
		79EF90E21AEAD020007F2755 /* GPUImage.framework */ = {
			isa = PBXReferenceProxy;
			fileType = wrapper.framework;
			path = GPUImage.framework;
			remoteRef = 79EF90E11AEAD020007F2755 /* PBXContainerItemProxy */;
			sourceTree = BUILT_PRODUCTS_DIR;
		};
/* End PBXReferenceProxy section */

/* Begin PBXResourcesBuildPhase section */
		79E62F191ABB211A00019A4E /* Resources */ = {
			isa = PBXResourcesBuildPhase;
			buildActionMask = 2147483647;
			files = (
				79E62F261ABB211A00019A4E /* Images.xcassets in Resources */,
				79E62F4D1ABB21CA00019A4E /* GPUImageIIDCCameraWindowController.xib in Resources */,
				79E62F291ABB211A00019A4E /* MainMenu.xib in Resources */,
			);
			runOnlyForDeploymentPostprocessing = 0;
		};
/* End PBXResourcesBuildPhase section */

/* Begin PBXSourcesBuildPhase section */
		79E62F171ABB211A00019A4E /* Sources */ = {
			isa = PBXSourcesBuildPhase;
			buildActionMask = 2147483647;
			files = (
				79E62F501ABB21DF00019A4E /* GPUImageIIDCCamera.m in Sources */,
				79E62F241ABB211A00019A4E /* main.m in Sources */,
				BC9D72C51AF1452E004CF9E5 /* GPUImageBlackflyCamera.m in Sources */,
				79E62F221ABB211A00019A4E /* AppDelegate.m in Sources */,
				79E62F4C1ABB21CA00019A4E /* GPUImageIIDCCameraWindowController.m in Sources */,
			);
			runOnlyForDeploymentPostprocessing = 0;
		};
/* End PBXSourcesBuildPhase section */

/* Begin PBXTargetDependency section */
		79EF90E71AEE9F29007F2755 /* PBXTargetDependency */ = {
			isa = PBXTargetDependency;
			name = GPUImage;
			targetProxy = 79EF90E61AEE9F29007F2755 /* PBXContainerItemProxy */;
		};
/* End PBXTargetDependency section */

/* Begin PBXVariantGroup section */
		79E62F271ABB211A00019A4E /* MainMenu.xib */ = {
			isa = PBXVariantGroup;
			children = (
				79E62F281ABB211A00019A4E /* Base */,
			);
			name = MainMenu.xib;
			sourceTree = "<group>";
		};
/* End PBXVariantGroup section */

/* Begin XCBuildConfiguration section */
		79E62F361ABB211A00019A4E /* Debug */ = {
			isa = XCBuildConfiguration;
			buildSettings = {
				CLANG_CXX_LANGUAGE_STANDARD = "gnu++0x";
				CLANG_CXX_LIBRARY = "libc++";
				CLANG_ENABLE_MODULES = YES;
				CLANG_ENABLE_OBJC_ARC = YES;
				CLANG_WARN_BOOL_CONVERSION = YES;
				CLANG_WARN_CONSTANT_CONVERSION = YES;
				CLANG_WARN_DIRECT_OBJC_ISA_USAGE = YES_ERROR;
				CLANG_WARN_EMPTY_BODY = YES;
				CLANG_WARN_ENUM_CONVERSION = YES;
				CLANG_WARN_INT_CONVERSION = YES;
				CLANG_WARN_OBJC_ROOT_CLASS = YES_ERROR;
				CLANG_WARN_UNREACHABLE_CODE = YES;
				CLANG_WARN__DUPLICATE_METHOD_MATCH = YES;
				CODE_SIGN_IDENTITY = "-";
				COPY_PHASE_STRIP = NO;
				DEBUG_INFORMATION_FORMAT = dwarf;
				ENABLE_STRICT_OBJC_MSGSEND = YES;
				FRAMEWORK_SEARCH_PATHS = "./GPUImageIIDCCameraExample/Frameworks/**";
				GCC_C_LANGUAGE_STANDARD = gnu99;
				GCC_DYNAMIC_NO_PIC = NO;
				GCC_NO_COMMON_BLOCKS = YES;
				GCC_OPTIMIZATION_LEVEL = 0;
				GCC_PREPROCESSOR_DEFINITIONS = (
					"DEBUG=1",
					"$(inherited)",
				);
				GCC_SYMBOLS_PRIVATE_EXTERN = NO;
				GCC_TREAT_WARNINGS_AS_ERRORS = YES;
				GCC_WARN_64_TO_32_BIT_CONVERSION = YES;
				GCC_WARN_ABOUT_RETURN_TYPE = YES_ERROR;
				GCC_WARN_UNDECLARED_SELECTOR = YES;
				GCC_WARN_UNINITIALIZED_AUTOS = YES_AGGRESSIVE;
				GCC_WARN_UNUSED_FUNCTION = YES;
				GCC_WARN_UNUSED_VARIABLE = YES;
				HEADER_SEARCH_PATHS = (
					"$(inherited)",
					"/Applications/Xcode-beta.app/Contents/Developer/Toolchains/XcodeDefault.xctoolchain/usr/include",
					"./GPUImageIIDCCameraExample/Frameworks/include/**",
				);
				LIBRARY_SEARCH_PATHS = "GPUImageIIDCCameraExample/Frameworks/**";
				MACOSX_DEPLOYMENT_TARGET = 10.10;
				MTL_ENABLE_DEBUG_INFO = YES;
				ONLY_ACTIVE_ARCH = YES;
				SDKROOT = macosx;
			};
			name = Debug;
		};
		79E62F371ABB211A00019A4E /* Release */ = {
			isa = XCBuildConfiguration;
			buildSettings = {
				CLANG_CXX_LANGUAGE_STANDARD = "gnu++0x";
				CLANG_CXX_LIBRARY = "libc++";
				CLANG_ENABLE_MODULES = YES;
				CLANG_ENABLE_OBJC_ARC = YES;
				CLANG_WARN_BOOL_CONVERSION = YES;
				CLANG_WARN_CONSTANT_CONVERSION = YES;
				CLANG_WARN_DIRECT_OBJC_ISA_USAGE = YES_ERROR;
				CLANG_WARN_EMPTY_BODY = YES;
				CLANG_WARN_ENUM_CONVERSION = YES;
				CLANG_WARN_INT_CONVERSION = YES;
				CLANG_WARN_OBJC_ROOT_CLASS = YES_ERROR;
				CLANG_WARN_UNREACHABLE_CODE = YES;
				CLANG_WARN__DUPLICATE_METHOD_MATCH = YES;
				CODE_SIGN_IDENTITY = "-";
				COPY_PHASE_STRIP = NO;
				DEBUG_INFORMATION_FORMAT = "dwarf-with-dsym";
				ENABLE_NS_ASSERTIONS = NO;
				ENABLE_STRICT_OBJC_MSGSEND = YES;
				FRAMEWORK_SEARCH_PATHS = "./GPUImageIIDCCameraExample/Frameworks/**";
				GCC_C_LANGUAGE_STANDARD = gnu99;
				GCC_NO_COMMON_BLOCKS = YES;
				GCC_TREAT_WARNINGS_AS_ERRORS = YES;
				GCC_WARN_64_TO_32_BIT_CONVERSION = YES;
				GCC_WARN_ABOUT_RETURN_TYPE = YES_ERROR;
				GCC_WARN_UNDECLARED_SELECTOR = YES;
				GCC_WARN_UNINITIALIZED_AUTOS = YES_AGGRESSIVE;
				GCC_WARN_UNUSED_FUNCTION = YES;
				GCC_WARN_UNUSED_VARIABLE = YES;
				HEADER_SEARCH_PATHS = (
					"$(inherited)",
					"/Applications/Xcode-beta.app/Contents/Developer/Toolchains/XcodeDefault.xctoolchain/usr/include",
					"./GPUImageIIDCCameraExample/Frameworks/include/**",
				);
				LIBRARY_SEARCH_PATHS = "GPUImageIIDCCameraExample/Frameworks/**";
				MACOSX_DEPLOYMENT_TARGET = 10.10;
				MTL_ENABLE_DEBUG_INFO = NO;
				SDKROOT = macosx;
			};
			name = Release;
		};
		79E62F391ABB211A00019A4E /* Debug */ = {
			isa = XCBuildConfiguration;
			buildSettings = {
				ASSETCATALOG_COMPILER_APPICON_NAME = AppIcon;
				COMBINE_HIDPI_IMAGES = YES;
				INFOPLIST_FILE = GPUImageIIDCCameraExample/Info.plist;
				LD_RUNPATH_SEARCH_PATHS = "$(inherited) @executable_path/../Frameworks";
				LIBRARY_SEARCH_PATHS = (
					"$(inherited)",
					"$(PROJECT_DIR)/GPUImageIIDCCameraExample",
					"$(PROJECT_DIR)/GPUImageIIDCCameraExample/Frameworks",
				);
				PRODUCT_NAME = "$(TARGET_NAME)";
			};
			name = Debug;
		};
		79E62F3A1ABB211A00019A4E /* Release */ = {
			isa = XCBuildConfiguration;
			buildSettings = {
				ASSETCATALOG_COMPILER_APPICON_NAME = AppIcon;
				COMBINE_HIDPI_IMAGES = YES;
				INFOPLIST_FILE = GPUImageIIDCCameraExample/Info.plist;
				LD_RUNPATH_SEARCH_PATHS = "$(inherited) @executable_path/../Frameworks";
				LIBRARY_SEARCH_PATHS = (
					"$(inherited)",
					"$(PROJECT_DIR)/GPUImageIIDCCameraExample",
					"$(PROJECT_DIR)/GPUImageIIDCCameraExample/Frameworks",
				);
				PRODUCT_NAME = "$(TARGET_NAME)";
			};
			name = Release;
		};
/* End XCBuildConfiguration section */

/* Begin XCConfigurationList section */
		79E62F161ABB211A00019A4E /* Build configuration list for PBXProject "GPUImageIIDCCameraExample" */ = {
			isa = XCConfigurationList;
			buildConfigurations = (
				79E62F361ABB211A00019A4E /* Debug */,
				79E62F371ABB211A00019A4E /* Release */,
			);
			defaultConfigurationIsVisible = 0;
			defaultConfigurationName = Release;
		};
		79E62F381ABB211A00019A4E /* Build configuration list for PBXNativeTarget "GPUImageIIDCCameraExample" */ = {
			isa = XCConfigurationList;
			buildConfigurations = (
				79E62F391ABB211A00019A4E /* Debug */,
				79E62F3A1ABB211A00019A4E /* Release */,
			);
			defaultConfigurationIsVisible = 0;
			defaultConfigurationName = Release;
		};
/* End XCConfigurationList section */
	};
	rootObject = 79E62F131ABB211A00019A4E /* Project object */;
}
